<Solution>
  <Folder Name="/src/">
    <Project Path="src/DocumentRetrievalService.Api/DocumentRetrievalService.Api.csproj" />
  </Folder>
  <Folder Name="/src/Core/">
    <Project Path="src/Core/DocumentRetrievalService.Application/DocumentRetrievalService.Application.csproj" />
    <Project Path="src/Core/DocumentRetrievalService.Domain/DocumentRetrievalService.Domain.csproj" />
  </Folder>
  <Folder Name="/src/Infrastructure/">
    <Project Path="src/Infrastructure/DocumentRetrievalService.Infrastructure/DocumentRetrievalService.Infrastructure.csproj" />
    <Project Path="src/Infrastructure/DocumentRetrievalService.Persistence/DocumentRetrievalService.Persistence.csproj" />
  </Folder>
  <Folder Name="/test/">
    <Project Path="test/DocumentRetrievalService.Api.UnitTests/DocumentRetrievalService.Api.UnitTests.csproj" />
  </Folder>
</Solution>
